
Microsoft Visual Studio Solution File, Format Version 12.00
# Visual Studio 15
VisualStudioVersion = 15.0.28307.136
MinimumVisualStudioVersion = 10.0.40219.1
Project("{FAE04EC0-301F-11D3-BF4B-00C04F79EFBC}") = "BeyondDynamo", "BeyondDynamo.csproj", "{996BA7A2-27E6-4560-88D2-EE7895E890AF}"
EndProject
Global
	GlobalSection(SolutionConfigurationPlatforms) = preSolution
		Debug|Any CPU = Debug|Any CPU
		Release|Any CPU = Release|Any CPU
	EndGlobalSection
	GlobalSection(ProjectConfigurationPlatforms) = postSolution
		{996BA7A2-27E6-4560-88D2-EE7895E890AF}.Debug|Any CPU.ActiveCfg = Debug|Any CPU
		{996BA7A2-27E6-4560-88D2-EE7895E890AF}.Debug|Any CPU.Build.0 = Debug|Any CPU
		{996BA7A2-27E6-4560-88D2-EE7895E890AF}.Release|Any CPU.ActiveCfg = Release|Any CPU
		{996BA7A2-27E6-4560-88D2-EE7895E890AF}.Release|Any CPU.Build.0 = Release|Any CPU
	EndGlobalSection
	GlobalSection(SolutionProperties) = preSolution
		HideSolutionNode = FALSE
	EndGlobalSection
	GlobalSection(ExtensibilityGlobals) = postSolution
		SolutionGuid = {31D6C77C-456D-4FD8-ABD8-0E643C37207E}
	EndGlobalSection
EndGlobal
